
Microsoft Visual Studio Solution File, Format Version 12.00
# Visual Studio 15
VisualStudioVersion = 15.0.28010.2016
MinimumVisualStudioVersion = 10.0.40219.1
Project("{FAE04EC0-301F-11D3-BF4B-00C04F79EFBC}") = "Donaraee.Android", "Donaraee\Donaraee.Android\Donaraee.Android.csproj", "{58556CFF-B809-41DD-B381-BBBC2CE144B3}"
EndProject
Project("{FAE04EC0-301F-11D3-BF4B-00C04F79EFBC}") = "Donaraee.iOS", "Donaraee\Donaraee.iOS\Donaraee.iOS.csproj", "{B834A2A8-D4D6-4F1A-8EB2-BFD0169D2E46}"
EndProject
Project("{FAE04EC0-301F-11D3-BF4B-00C04F79EFBC}") = "Donaraee.UWP", "Donaraee\Donaraee.UWP\Donaraee.UWP.csproj", "{276C5C4E-1CE0-4184-BCD0-240C73C6B737}"
EndProject
Project("{FAE04EC0-301F-11D3-BF4B-00C04F79EFBC}") = "Donaraee", "Donaraee\Donaraee\Donaraee.csproj", "{0B18EE47-72E4-4643-BDFE-E61CB1D81AD2}"
EndProject
Global
	GlobalSection(SolutionConfigurationPlatforms) = preSolution
		Ad-Hoc|Any CPU = Ad-Hoc|Any CPU
		Ad-Hoc|ARM = Ad-Hoc|ARM
		Ad-Hoc|iPhone = Ad-Hoc|iPhone
		Ad-Hoc|iPhoneSimulator = Ad-Hoc|iPhoneSimulator
		Ad-Hoc|x64 = Ad-Hoc|x64
		Ad-Hoc|x86 = Ad-Hoc|x86
		AppStore|Any CPU = AppStore|Any CPU
		AppStore|ARM = AppStore|ARM
		AppStore|iPhone = AppStore|iPhone
		AppStore|iPhoneSimulator = AppStore|iPhoneSimulator
		AppStore|x64 = AppStore|x64
		AppStore|x86 = AppStore|x86
		Debug|Any CPU = Debug|Any CPU
		Debug|ARM = Debug|ARM
		Debug|iPhone = Debug|iPhone
		Debug|iPhoneSimulator = Debug|iPhoneSimulator
		Debug|x64 = Debug|x64
		Debug|x86 = Debug|x86
		Release|Any CPU = Release|Any CPU
		Release|ARM = Release|ARM
		Release|iPhone = Release|iPhone
		Release|iPhoneSimulator = Release|iPhoneSimulator
		Release|x64 = Release|x64
		Release|x86 = Release|x86
	EndGlobalSection
	GlobalSection(ProjectConfigurationPlatforms) = postSolution
		{58556CFF-B809-41DD-B381-BBBC2CE144B3}.Ad-Hoc|Any CPU.ActiveCfg = Release|Any CPU
		{58556CFF-B809-41DD-B381-BBBC2CE144B3}.Ad-Hoc|Any CPU.Build.0 = Release|Any CPU
		{58556CFF-B809-41DD-B381-BBBC2CE144B3}.Ad-Hoc|Any CPU.Deploy.0 = Release|Any CPU
		{58556CFF-B809-41DD-B381-BBBC2CE144B3}.Ad-Hoc|ARM.ActiveCfg = Release|Any CPU
		{58556CFF-B809-41DD-B381-BBBC2CE144B3}.Ad-Hoc|ARM.Build.0 = Release|Any CPU
		{58556CFF-B809-41DD-B381-BBBC2CE144B3}.Ad-Hoc|ARM.Deploy.0 = Release|Any CPU
		{58556CFF-B809-41DD-B381-BBBC2CE144B3}.Ad-Hoc|iPhone.ActiveCfg = Release|Any CPU
		{58556CFF-B809-41DD-B381-BBBC2CE144B3}.Ad-Hoc|iPhone.Build.0 = Release|Any CPU
		{58556CFF-B809-41DD-B381-BBBC2CE144B3}.Ad-Hoc|iPhone.Deploy.0 = Release|Any CPU
		{58556CFF-B809-41DD-B381-BBBC2CE144B3}.Ad-Hoc|iPhoneSimulator.ActiveCfg = Release|Any CPU
		{58556CFF-B809-41DD-B381-BBBC2CE144B3}.Ad-Hoc|iPhoneSimulator.Build.0 = Release|Any CPU
		{58556CFF-B809-41DD-B381-BBBC2CE144B3}.Ad-Hoc|iPhoneSimulator.Deploy.0 = Release|Any CPU
		{58556CFF-B809-41DD-B381-BBBC2CE144B3}.Ad-Hoc|x64.ActiveCfg = Release|Any CPU
		{58556CFF-B809-41DD-B381-BBBC2CE144B3}.Ad-Hoc|x64.Build.0 = Release|Any CPU
		{58556CFF-B809-41DD-B381-BBBC2CE144B3}.Ad-Hoc|x64.Deploy.0 = Release|Any CPU
		{58556CFF-B809-41DD-B381-BBBC2CE144B3}.Ad-Hoc|x86.ActiveCfg = Release|Any CPU
		{58556CFF-B809-41DD-B381-BBBC2CE144B3}.Ad-Hoc|x86.Build.0 = Release|Any CPU
		{58556CFF-B809-41DD-B381-BBBC2CE144B3}.Ad-Hoc|x86.Deploy.0 = Release|Any CPU
		{58556CFF-B809-41DD-B381-BBBC2CE144B3}.AppStore|Any CPU.ActiveCfg = Release|Any CPU
		{58556CFF-B809-41DD-B381-BBBC2CE144B3}.AppStore|Any CPU.Build.0 = Release|Any CPU
		{58556CFF-B809-41DD-B381-BBBC2CE144B3}.AppStore|Any CPU.Deploy.0 = Release|Any CPU
		{58556CFF-B809-41DD-B381-BBBC2CE144B3}.AppStore|ARM.ActiveCfg = Release|Any CPU
		{58556CFF-B809-41DD-B381-BBBC2CE144B3}.AppStore|ARM.Build.0 = Release|Any CPU
		{58556CFF-B809-41DD-B381-BBBC2CE144B3}.AppStore|ARM.Deploy.0 = Release|Any CPU
		{58556CFF-B809-41DD-B381-BBBC2CE144B3}.AppStore|iPhone.ActiveCfg = Release|Any CPU
		{58556CFF-B809-41DD-B381-BBBC2CE144B3}.AppStore|iPhone.Build.0 = Release|Any CPU
		{58556CFF-B809-41DD-B381-BBBC2CE144B3}.AppStore|iPhone.Deploy.0 = Release|Any CPU
		{58556CFF-B809-41DD-B381-BBBC2CE144B3}.AppStore|iPhoneSimulator.ActiveCfg = Release|Any CPU
		{58556CFF-B809-41DD-B381-BBBC2CE144B3}.AppStore|iPhoneSimulator.Build.0 = Release|Any CPU
		{58556CFF-B809-41DD-B381-BBBC2CE144B3}.AppStore|iPhoneSimulator.Deploy.0 = Release|Any CPU
		{58556CFF-B809-41DD-B381-BBBC2CE144B3}.AppStore|x64.ActiveCfg = Release|Any CPU
		{58556CFF-B809-41DD-B381-BBBC2CE144B3}.AppStore|x64.Build.0 = Release|Any CPU
		{58556CFF-B809-41DD-B381-BBBC2CE144B3}.AppStore|x64.Deploy.0 = Release|Any CPU
		{58556CFF-B809-41DD-B381-BBBC2CE144B3}.AppStore|x86.ActiveCfg = Release|Any CPU
		{58556CFF-B809-41DD-B381-BBBC2CE144B3}.AppStore|x86.Build.0 = Release|Any CPU
		{58556CFF-B809-41DD-B381-BBBC2CE144B3}.AppStore|x86.Deploy.0 = Release|Any CPU
		{58556CFF-B809-41DD-B381-BBBC2CE144B3}.Debug|Any CPU.ActiveCfg = Debug|Any CPU
		{58556CFF-B809-41DD-B381-BBBC2CE144B3}.Debug|Any CPU.Build.0 = Debug|Any CPU
		{58556CFF-B809-41DD-B381-BBBC2CE144B3}.Debug|Any CPU.Deploy.0 = Debug|Any CPU
		{58556CFF-B809-41DD-B381-BBBC2CE144B3}.Debug|ARM.ActiveCfg = Debug|Any CPU
		{58556CFF-B809-41DD-B381-BBBC2CE144B3}.Debug|ARM.Build.0 = Debug|Any CPU
		{58556CFF-B809-41DD-B381-BBBC2CE144B3}.Debug|ARM.Deploy.0 = Debug|Any CPU
		{58556CFF-B809-41DD-B381-BBBC2CE144B3}.Debug|iPhone.ActiveCfg = Debug|Any CPU
		{58556CFF-B809-41DD-B381-BBBC2CE144B3}.Debug|iPhone.Build.0 = Debug|Any CPU
		{58556CFF-B809-41DD-B381-BBBC2CE144B3}.Debug|iPhone.Deploy.0 = Debug|Any CPU
		{58556CFF-B809-41DD-B381-BBBC2CE144B3}.Debug|iPhoneSimulator.ActiveCfg = Debug|Any CPU
		{58556CFF-B809-41DD-B381-BBBC2CE144B3}.Debug|iPhoneSimulator.Build.0 = Debug|Any CPU
		{58556CFF-B809-41DD-B381-BBBC2CE144B3}.Debug|iPhoneSimulator.Deploy.0 = Debug|Any CPU
		{58556CFF-B809-41DD-B381-BBBC2CE144B3}.Debug|x64.ActiveCfg = Debug|Any CPU
		{58556CFF-B809-41DD-B381-BBBC2CE144B3}.Debug|x64.Build.0 = Debug|Any CPU
		{58556CFF-B809-41DD-B381-BBBC2CE144B3}.Debug|x64.Deploy.0 = Debug|Any CPU
		{58556CFF-B809-41DD-B381-BBBC2CE144B3}.Debug|x86.ActiveCfg = Debug|Any CPU
		{58556CFF-B809-41DD-B381-BBBC2CE144B3}.Debug|x86.Build.0 = Debug|Any CPU
		{58556CFF-B809-41DD-B381-BBBC2CE144B3}.Debug|x86.Deploy.0 = Debug|Any CPU
		{58556CFF-B809-41DD-B381-BBBC2CE144B3}.Release|Any CPU.ActiveCfg = Release|Any CPU
		{58556CFF-B809-41DD-B381-BBBC2CE144B3}.Release|Any CPU.Build.0 = Release|Any CPU
		{58556CFF-B809-41DD-B381-BBBC2CE144B3}.Release|Any CPU.Deploy.0 = Release|Any CPU
		{58556CFF-B809-41DD-B381-BBBC2CE144B3}.Release|ARM.ActiveCfg = Release|Any CPU
		{58556CFF-B809-41DD-B381-BBBC2CE144B3}.Release|ARM.Build.0 = Release|Any CPU
		{58556CFF-B809-41DD-B381-BBBC2CE144B3}.Release|ARM.Deploy.0 = Release|Any CPU
		{58556CFF-B809-41DD-B381-BBBC2CE144B3}.Release|iPhone.ActiveCfg = Release|Any CPU
		{58556CFF-B809-41DD-B381-BBBC2CE144B3}.Release|iPhone.Build.0 = Release|Any CPU
		{58556CFF-B809-41DD-B381-BBBC2CE144B3}.Release|iPhone.Deploy.0 = Release|Any CPU
		{58556CFF-B809-41DD-B381-BBBC2CE144B3}.Release|iPhoneSimulator.ActiveCfg = Release|Any CPU
		{58556CFF-B809-41DD-B381-BBBC2CE144B3}.Release|iPhoneSimulator.Build.0 = Release|Any CPU
		{58556CFF-B809-41DD-B381-BBBC2CE144B3}.Release|iPhoneSimulator.Deploy.0 = Release|Any CPU
		{58556CFF-B809-41DD-B381-BBBC2CE144B3}.Release|x64.ActiveCfg = Release|Any CPU
		{58556CFF-B809-41DD-B381-BBBC2CE144B3}.Release|x64.Build.0 = Release|Any CPU
		{58556CFF-B809-41DD-B381-BBBC2CE144B3}.Release|x64.Deploy.0 = Release|Any CPU
		{58556CFF-B809-41DD-B381-BBBC2CE144B3}.Release|x86.ActiveCfg = Release|Any CPU
		{58556CFF-B809-41DD-B381-BBBC2CE144B3}.Release|x86.Build.0 = Release|Any CPU
		{58556CFF-B809-41DD-B381-BBBC2CE144B3}.Release|x86.Deploy.0 = Release|Any CPU
		{B834A2A8-D4D6-4F1A-8EB2-BFD0169D2E46}.Ad-Hoc|Any CPU.ActiveCfg = Ad-Hoc|iPhone
		{B834A2A8-D4D6-4F1A-8EB2-BFD0169D2E46}.Ad-Hoc|Any CPU.Build.0 = Ad-Hoc|iPhone
		{B834A2A8-D4D6-4F1A-8EB2-BFD0169D2E46}.Ad-Hoc|Any CPU.Deploy.0 = Ad-Hoc|iPhone
		{B834A2A8-D4D6-4F1A-8EB2-BFD0169D2E46}.Ad-Hoc|ARM.ActiveCfg = Ad-Hoc|iPhone
		{B834A2A8-D4D6-4F1A-8EB2-BFD0169D2E46}.Ad-Hoc|ARM.Build.0 = Ad-Hoc|iPhone
		{B834A2A8-D4D6-4F1A-8EB2-BFD0169D2E46}.Ad-Hoc|ARM.Deploy.0 = Ad-Hoc|iPhone
		{B834A2A8-D4D6-4F1A-8EB2-BFD0169D2E46}.Ad-Hoc|iPhone.ActiveCfg = Ad-Hoc|iPhone
		{B834A2A8-D4D6-4F1A-8EB2-BFD0169D2E46}.Ad-Hoc|iPhone.Build.0 = Ad-Hoc|iPhone
		{B834A2A8-D4D6-4F1A-8EB2-BFD0169D2E46}.Ad-Hoc|iPhone.Deploy.0 = Ad-Hoc|iPhone
		{B834A2A8-D4D6-4F1A-8EB2-BFD0169D2E46}.Ad-Hoc|iPhoneSimulator.ActiveCfg = Ad-Hoc|iPhoneSimulator
		{B834A2A8-D4D6-4F1A-8EB2-BFD0169D2E46}.Ad-Hoc|iPhoneSimulator.Build.0 = Ad-Hoc|iPhoneSimulator
		{B834A2A8-D4D6-4F1A-8EB2-BFD0169D2E46}.Ad-Hoc|iPhoneSimulator.Deploy.0 = Ad-Hoc|iPhoneSimulator
		{B834A2A8-D4D6-4F1A-8EB2-BFD0169D2E46}.Ad-Hoc|x64.ActiveCfg = Ad-Hoc|iPhone
		{B834A2A8-D4D6-4F1A-8EB2-BFD0169D2E46}.Ad-Hoc|x64.Build.0 = Ad-Hoc|iPhone
		{B834A2A8-D4D6-4F1A-8EB2-BFD0169D2E46}.Ad-Hoc|x64.Deploy.0 = Ad-Hoc|iPhone
		{B834A2A8-D4D6-4F1A-8EB2-BFD0169D2E46}.Ad-Hoc|x86.ActiveCfg = Ad-Hoc|iPhone
		{B834A2A8-D4D6-4F1A-8EB2-BFD0169D2E46}.Ad-Hoc|x86.Build.0 = Ad-Hoc|iPhone
		{B834A2A8-D4D6-4F1A-8EB2-BFD0169D2E46}.Ad-Hoc|x86.Deploy.0 = Ad-Hoc|iPhone
		{B834A2A8-D4D6-4F1A-8EB2-BFD0169D2E46}.AppStore|Any CPU.ActiveCfg = AppStore|iPhone
		{B834A2A8-D4D6-4F1A-8EB2-BFD0169D2E46}.AppStore|Any CPU.Build.0 = AppStore|iPhone
		{B834A2A8-D4D6-4F1A-8EB2-BFD0169D2E46}.AppStore|Any CPU.Deploy.0 = AppStore|iPhone
		{B834A2A8-D4D6-4F1A-8EB2-BFD0169D2E46}.AppStore|ARM.ActiveCfg = AppStore|iPhone
		{B834A2A8-D4D6-4F1A-8EB2-BFD0169D2E46}.AppStore|ARM.Build.0 = AppStore|iPhone
		{B834A2A8-D4D6-4F1A-8EB2-BFD0169D2E46}.AppStore|ARM.Deploy.0 = AppStore|iPhone
		{B834A2A8-D4D6-4F1A-8EB2-BFD0169D2E46}.AppStore|iPhone.ActiveCfg = AppStore|iPhone
		{B834A2A8-D4D6-4F1A-8EB2-BFD0169D2E46}.AppStore|iPhone.Build.0 = AppStore|iPhone
		{B834A2A8-D4D6-4F1A-8EB2-BFD0169D2E46}.AppStore|iPhone.Deploy.0 = AppStore|iPhone
		{B834A2A8-D4D6-4F1A-8EB2-BFD0169D2E46}.AppStore|iPhoneSimulator.ActiveCfg = AppStore|iPhoneSimulator
		{B834A2A8-D4D6-4F1A-8EB2-BFD0169D2E46}.AppStore|iPhoneSimulator.Build.0 = AppStore|iPhoneSimulator
		{B834A2A8-D4D6-4F1A-8EB2-BFD0169D2E46}.AppStore|iPhoneSimulator.Deploy.0 = AppStore|iPhoneSimulator
		{B834A2A8-D4D6-4F1A-8EB2-BFD0169D2E46}.AppStore|x64.ActiveCfg = AppStore|iPhone
		{B834A2A8-D4D6-4F1A-8EB2-BFD0169D2E46}.AppStore|x64.Build.0 = AppStore|iPhone
		{B834A2A8-D4D6-4F1A-8EB2-BFD0169D2E46}.AppStore|x64.Deploy.0 = AppStore|iPhone
		{B834A2A8-D4D6-4F1A-8EB2-BFD0169D2E46}.AppStore|x86.ActiveCfg = AppStore|iPhone
		{B834A2A8-D4D6-4F1A-8EB2-BFD0169D2E46}.AppStore|x86.Build.0 = AppStore|iPhone
		{B834A2A8-D4D6-4F1A-8EB2-BFD0169D2E46}.AppStore|x86.Deploy.0 = AppStore|iPhone
		{B834A2A8-D4D6-4F1A-8EB2-BFD0169D2E46}.Debug|Any CPU.ActiveCfg = Debug|iPhoneSimulator
		{B834A2A8-D4D6-4F1A-8EB2-BFD0169D2E46}.Debug|Any CPU.Build.0 = Debug|iPhoneSimulator
		{B834A2A8-D4D6-4F1A-8EB2-BFD0169D2E46}.Debug|Any CPU.Deploy.0 = Debug|iPhoneSimulator
		{B834A2A8-D4D6-4F1A-8EB2-BFD0169D2E46}.Debug|ARM.ActiveCfg = Debug|iPhone
		{B834A2A8-D4D6-4F1A-8EB2-BFD0169D2E46}.Debug|ARM.Build.0 = Debug|iPhone
		{B834A2A8-D4D6-4F1A-8EB2-BFD0169D2E46}.Debug|ARM.Deploy.0 = Debug|iPhone
		{B834A2A8-D4D6-4F1A-8EB2-BFD0169D2E46}.Debug|iPhone.ActiveCfg = Debug|iPhone
		{B834A2A8-D4D6-4F1A-8EB2-BFD0169D2E46}.Debug|iPhone.Build.0 = Debug|iPhone
		{B834A2A8-D4D6-4F1A-8EB2-BFD0169D2E46}.Debug|iPhone.Deploy.0 = Debug|iPhone
		{B834A2A8-D4D6-4F1A-8EB2-BFD0169D2E46}.Debug|iPhoneSimulator.ActiveCfg = Debug|iPhoneSimulator
		{B834A2A8-D4D6-4F1A-8EB2-BFD0169D2E46}.Debug|iPhoneSimulator.Build.0 = Debug|iPhoneSimulator
		{B834A2A8-D4D6-4F1A-8EB2-BFD0169D2E46}.Debug|iPhoneSimulator.Deploy.0 = Debug|iPhoneSimulator
		{B834A2A8-D4D6-4F1A-8EB2-BFD0169D2E46}.Debug|x64.ActiveCfg = Debug|iPhone
		{B834A2A8-D4D6-4F1A-8EB2-BFD0169D2E46}.Debug|x64.Build.0 = Debug|iPhone
		{B834A2A8-D4D6-4F1A-8EB2-BFD0169D2E46}.Debug|x64.Deploy.0 = Debug|iPhone
		{B834A2A8-D4D6-4F1A-8EB2-BFD0169D2E46}.Debug|x86.ActiveCfg = Debug|iPhone
		{B834A2A8-D4D6-4F1A-8EB2-BFD0169D2E46}.Debug|x86.Build.0 = Debug|iPhone
		{B834A2A8-D4D6-4F1A-8EB2-BFD0169D2E46}.Debug|x86.Deploy.0 = Debug|iPhone
		{B834A2A8-D4D6-4F1A-8EB2-BFD0169D2E46}.Release|Any CPU.ActiveCfg = Release|iPhone
		{B834A2A8-D4D6-4F1A-8EB2-BFD0169D2E46}.Release|Any CPU.Build.0 = Release|iPhone
		{B834A2A8-D4D6-4F1A-8EB2-BFD0169D2E46}.Release|Any CPU.Deploy.0 = Release|iPhone
		{B834A2A8-D4D6-4F1A-8EB2-BFD0169D2E46}.Release|ARM.ActiveCfg = Release|iPhone
		{B834A2A8-D4D6-4F1A-8EB2-BFD0169D2E46}.Release|ARM.Build.0 = Release|iPhone
		{B834A2A8-D4D6-4F1A-8EB2-BFD0169D2E46}.Release|ARM.Deploy.0 = Release|iPhone
		{B834A2A8-D4D6-4F1A-8EB2-BFD0169D2E46}.Release|iPhone.ActiveCfg = Release|iPhone
		{B834A2A8-D4D6-4F1A-8EB2-BFD0169D2E46}.Release|iPhone.Build.0 = Release|iPhone
		{B834A2A8-D4D6-4F1A-8EB2-BFD0169D2E46}.Release|iPhone.Deploy.0 = Release|iPhone
		{B834A2A8-D4D6-4F1A-8EB2-BFD0169D2E46}.Release|iPhoneSimulator.ActiveCfg = Release|iPhoneSimulator
		{B834A2A8-D4D6-4F1A-8EB2-BFD0169D2E46}.Release|iPhoneSimulator.Build.0 = Release|iPhoneSimulator
		{B834A2A8-D4D6-4F1A-8EB2-BFD0169D2E46}.Release|iPhoneSimulator.Deploy.0 = Release|iPhoneSimulator
		{B834A2A8-D4D6-4F1A-8EB2-BFD0169D2E46}.Release|x64.ActiveCfg = Release|iPhone
		{B834A2A8-D4D6-4F1A-8EB2-BFD0169D2E46}.Release|x64.Build.0 = Release|iPhone
		{B834A2A8-D4D6-4F1A-8EB2-BFD0169D2E46}.Release|x64.Deploy.0 = Release|iPhone
		{B834A2A8-D4D6-4F1A-8EB2-BFD0169D2E46}.Release|x86.ActiveCfg = Release|iPhone
		{B834A2A8-D4D6-4F1A-8EB2-BFD0169D2E46}.Release|x86.Build.0 = Release|iPhone
		{B834A2A8-D4D6-4F1A-8EB2-BFD0169D2E46}.Release|x86.Deploy.0 = Release|iPhone
		{276C5C4E-1CE0-4184-BCD0-240C73C6B737}.Ad-Hoc|Any CPU.ActiveCfg = Release|x86
		{276C5C4E-1CE0-4184-BCD0-240C73C6B737}.Ad-Hoc|Any CPU.Build.0 = Release|x86
		{276C5C4E-1CE0-4184-BCD0-240C73C6B737}.Ad-Hoc|Any CPU.Deploy.0 = Release|x86
		{276C5C4E-1CE0-4184-BCD0-240C73C6B737}.Ad-Hoc|ARM.ActiveCfg = Release|ARM
		{276C5C4E-1CE0-4184-BCD0-240C73C6B737}.Ad-Hoc|ARM.Build.0 = Release|ARM
		{276C5C4E-1CE0-4184-BCD0-240C73C6B737}.Ad-Hoc|ARM.Deploy.0 = Release|ARM
		{276C5C4E-1CE0-4184-BCD0-240C73C6B737}.Ad-Hoc|iPhone.ActiveCfg = Release|x86
		{276C5C4E-1CE0-4184-BCD0-240C73C6B737}.Ad-Hoc|iPhone.Build.0 = Release|x86
		{276C5C4E-1CE0-4184-BCD0-240C73C6B737}.Ad-Hoc|iPhone.Deploy.0 = Release|x86
		{276C5C4E-1CE0-4184-BCD0-240C73C6B737}.Ad-Hoc|iPhoneSimulator.ActiveCfg = Release|x86
		{276C5C4E-1CE0-4184-BCD0-240C73C6B737}.Ad-Hoc|iPhoneSimulator.Build.0 = Release|x86
		{276C5C4E-1CE0-4184-BCD0-240C73C6B737}.Ad-Hoc|iPhoneSimulator.Deploy.0 = Release|x86
		{276C5C4E-1CE0-4184-BCD0-240C73C6B737}.Ad-Hoc|x64.ActiveCfg = Release|x64
		{276C5C4E-1CE0-4184-BCD0-240C73C6B737}.Ad-Hoc|x64.Build.0 = Release|x64
		{276C5C4E-1CE0-4184-BCD0-240C73C6B737}.Ad-Hoc|x64.Deploy.0 = Release|x64
		{276C5C4E-1CE0-4184-BCD0-240C73C6B737}.Ad-Hoc|x86.ActiveCfg = Release|x86
		{276C5C4E-1CE0-4184-BCD0-240C73C6B737}.Ad-Hoc|x86.Build.0 = Release|x86
		{276C5C4E-1CE0-4184-BCD0-240C73C6B737}.Ad-Hoc|x86.Deploy.0 = Release|x86
		{276C5C4E-1CE0-4184-BCD0-240C73C6B737}.AppStore|Any CPU.ActiveCfg = Release|x86
		{276C5C4E-1CE0-4184-BCD0-240C73C6B737}.AppStore|Any CPU.Build.0 = Release|x86
		{276C5C4E-1CE0-4184-BCD0-240C73C6B737}.AppStore|Any CPU.Deploy.0 = Release|x86
		{276C5C4E-1CE0-4184-BCD0-240C73C6B737}.AppStore|ARM.ActiveCfg = Release|ARM
		{276C5C4E-1CE0-4184-BCD0-240C73C6B737}.AppStore|ARM.Build.0 = Release|ARM
		{276C5C4E-1CE0-4184-BCD0-240C73C6B737}.AppStore|ARM.Deploy.0 = Release|ARM
		{276C5C4E-1CE0-4184-BCD0-240C73C6B737}.AppStore|iPhone.ActiveCfg = Release|x86
		{276C5C4E-1CE0-4184-BCD0-240C73C6B737}.AppStore|iPhone.Build.0 = Release|x86
		{276C5C4E-1CE0-4184-BCD0-240C73C6B737}.AppStore|iPhone.Deploy.0 = Release|x86
		{276C5C4E-1CE0-4184-BCD0-240C73C6B737}.AppStore|iPhoneSimulator.ActiveCfg = Release|x86
		{276C5C4E-1CE0-4184-BCD0-240C73C6B737}.AppStore|iPhoneSimulator.Build.0 = Release|x86
		{276C5C4E-1CE0-4184-BCD0-240C73C6B737}.AppStore|iPhoneSimulator.Deploy.0 = Release|x86
		{276C5C4E-1CE0-4184-BCD0-240C73C6B737}.AppStore|x64.ActiveCfg = Release|x64
		{276C5C4E-1CE0-4184-BCD0-240C73C6B737}.AppStore|x64.Build.0 = Release|x64
		{276C5C4E-1CE0-4184-BCD0-240C73C6B737}.AppStore|x64.Deploy.0 = Release|x64
		{276C5C4E-1CE0-4184-BCD0-240C73C6B737}.AppStore|x86.ActiveCfg = Release|x86
		{276C5C4E-1CE0-4184-BCD0-240C73C6B737}.AppStore|x86.Build.0 = Release|x86
		{276C5C4E-1CE0-4184-BCD0-240C73C6B737}.AppStore|x86.Deploy.0 = Release|x86
		{276C5C4E-1CE0-4184-BCD0-240C73C6B737}.Debug|Any CPU.ActiveCfg = Debug|x86
		{276C5C4E-1CE0-4184-BCD0-240C73C6B737}.Debug|Any CPU.Build.0 = Debug|x86
		{276C5C4E-1CE0-4184-BCD0-240C73C6B737}.Debug|Any CPU.Deploy.0 = Debug|x86
		{276C5C4E-1CE0-4184-BCD0-240C73C6B737}.Debug|ARM.ActiveCfg = Debug|ARM
		{276C5C4E-1CE0-4184-BCD0-240C73C6B737}.Debug|ARM.Build.0 = Debug|ARM
		{276C5C4E-1CE0-4184-BCD0-240C73C6B737}.Debug|ARM.Deploy.0 = Debug|ARM
		{276C5C4E-1CE0-4184-BCD0-240C73C6B737}.Debug|iPhone.ActiveCfg = Debug|x86
		{276C5C4E-1CE0-4184-BCD0-240C73C6B737}.Debug|iPhone.Build.0 = Debug|x86
		{276C5C4E-1CE0-4184-BCD0-240C73C6B737}.Debug|iPhone.Deploy.0 = Debug|x86
		{276C5C4E-1CE0-4184-BCD0-240C73C6B737}.Debug|iPhoneSimulator.ActiveCfg = Debug|x86
		{276C5C4E-1CE0-4184-BCD0-240C73C6B737}.Debug|iPhoneSimulator.Build.0 = Debug|x86
		{276C5C4E-1CE0-4184-BCD0-240C73C6B737}.Debug|iPhoneSimulator.Deploy.0 = Debug|x86
		{276C5C4E-1CE0-4184-BCD0-240C73C6B737}.Debug|x64.ActiveCfg = Debug|x64
		{276C5C4E-1CE0-4184-BCD0-240C73C6B737}.Debug|x64.Build.0 = Debug|x64
		{276C5C4E-1CE0-4184-BCD0-240C73C6B737}.Debug|x64.Deploy.0 = Debug|x64
		{276C5C4E-1CE0-4184-BCD0-240C73C6B737}.Debug|x86.ActiveCfg = Debug|x86
		{276C5C4E-1CE0-4184-BCD0-240C73C6B737}.Debug|x86.Build.0 = Debug|x86
		{276C5C4E-1CE0-4184-BCD0-240C73C6B737}.Debug|x86.Deploy.0 = Debug|x86
		{276C5C4E-1CE0-4184-BCD0-240C73C6B737}.Release|Any CPU.ActiveCfg = Release|x86
		{276C5C4E-1CE0-4184-BCD0-240C73C6B737}.Release|Any CPU.Build.0 = Release|x86
		{276C5C4E-1CE0-4184-BCD0-240C73C6B737}.Release|Any CPU.Deploy.0 = Release|x86
		{276C5C4E-1CE0-4184-BCD0-240C73C6B737}.Release|ARM.ActiveCfg = Release|ARM
		{276C5C4E-1CE0-4184-BCD0-240C73C6B737}.Release|ARM.Build.0 = Release|ARM
		{276C5C4E-1CE0-4184-BCD0-240C73C6B737}.Release|ARM.Deploy.0 = Release|ARM
		{276C5C4E-1CE0-4184-BCD0-240C73C6B737}.Release|iPhone.ActiveCfg = Release|x86
		{276C5C4E-1CE0-4184-BCD0-240C73C6B737}.Release|iPhone.Build.0 = Release|x86
		{276C5C4E-1CE0-4184-BCD0-240C73C6B737}.Release|iPhone.Deploy.0 = Release|x86
		{276C5C4E-1CE0-4184-BCD0-240C73C6B737}.Release|iPhoneSimulator.ActiveCfg = Release|x86
		{276C5C4E-1CE0-4184-BCD0-240C73C6B737}.Release|iPhoneSimulator.Build.0 = Release|x86
		{276C5C4E-1CE0-4184-BCD0-240C73C6B737}.Release|iPhoneSimulator.Deploy.0 = Release|x86
		{276C5C4E-1CE0-4184-BCD0-240C73C6B737}.Release|x64.ActiveCfg = Release|x64
		{276C5C4E-1CE0-4184-BCD0-240C73C6B737}.Release|x64.Build.0 = Release|x64
		{276C5C4E-1CE0-4184-BCD0-240C73C6B737}.Release|x64.Deploy.0 = Release|x64
		{276C5C4E-1CE0-4184-BCD0-240C73C6B737}.Release|x86.ActiveCfg = Release|x86
		{276C5C4E-1CE0-4184-BCD0-240C73C6B737}.Release|x86.Build.0 = Release|x86
		{276C5C4E-1CE0-4184-BCD0-240C73C6B737}.Release|x86.Deploy.0 = Release|x86
		{0B18EE47-72E4-4643-BDFE-E61CB1D81AD2}.Ad-Hoc|Any CPU.ActiveCfg = Debug|Any CPU
		{0B18EE47-72E4-4643-BDFE-E61CB1D81AD2}.Ad-Hoc|Any CPU.Build.0 = Debug|Any CPU
		{0B18EE47-72E4-4643-BDFE-E61CB1D81AD2}.Ad-Hoc|Any CPU.Deploy.0 = Debug|Any CPU
		{0B18EE47-72E4-4643-BDFE-E61CB1D81AD2}.Ad-Hoc|ARM.ActiveCfg = Debug|Any CPU
		{0B18EE47-72E4-4643-BDFE-E61CB1D81AD2}.Ad-Hoc|ARM.Build.0 = Debug|Any CPU
		{0B18EE47-72E4-4643-BDFE-E61CB1D81AD2}.Ad-Hoc|ARM.Deploy.0 = Debug|Any CPU
		{0B18EE47-72E4-4643-BDFE-E61CB1D81AD2}.Ad-Hoc|iPhone.ActiveCfg = Debug|Any CPU
		{0B18EE47-72E4-4643-BDFE-E61CB1D81AD2}.Ad-Hoc|iPhone.Build.0 = Debug|Any CPU
		{0B18EE47-72E4-4643-BDFE-E61CB1D81AD2}.Ad-Hoc|iPhone.Deploy.0 = Debug|Any CPU
		{0B18EE47-72E4-4643-BDFE-E61CB1D81AD2}.Ad-Hoc|iPhoneSimulator.ActiveCfg = Debug|Any CPU
		{0B18EE47-72E4-4643-BDFE-E61CB1D81AD2}.Ad-Hoc|iPhoneSimulator.Build.0 = Debug|Any CPU
		{0B18EE47-72E4-4643-BDFE-E61CB1D81AD2}.Ad-Hoc|iPhoneSimulator.Deploy.0 = Debug|Any CPU
		{0B18EE47-72E4-4643-BDFE-E61CB1D81AD2}.Ad-Hoc|x64.ActiveCfg = Debug|Any CPU
		{0B18EE47-72E4-4643-BDFE-E61CB1D81AD2}.Ad-Hoc|x64.Build.0 = Debug|Any CPU
		{0B18EE47-72E4-4643-BDFE-E61CB1D81AD2}.Ad-Hoc|x64.Deploy.0 = Debug|Any CPU
		{0B18EE47-72E4-4643-BDFE-E61CB1D81AD2}.Ad-Hoc|x86.ActiveCfg = Debug|Any CPU
		{0B18EE47-72E4-4643-BDFE-E61CB1D81AD2}.Ad-Hoc|x86.Build.0 = Debug|Any CPU
		{0B18EE47-72E4-4643-BDFE-E61CB1D81AD2}.Ad-Hoc|x86.Deploy.0 = Debug|Any CPU
		{0B18EE47-72E4-4643-BDFE-E61CB1D81AD2}.AppStore|Any CPU.ActiveCfg = Debug|Any CPU
		{0B18EE47-72E4-4643-BDFE-E61CB1D81AD2}.AppStore|Any CPU.Build.0 = Debug|Any CPU
		{0B18EE47-72E4-4643-BDFE-E61CB1D81AD2}.AppStore|Any CPU.Deploy.0 = Debug|Any CPU
		{0B18EE47-72E4-4643-BDFE-E61CB1D81AD2}.AppStore|ARM.ActiveCfg = Debug|Any CPU
		{0B18EE47-72E4-4643-BDFE-E61CB1D81AD2}.AppStore|ARM.Build.0 = Debug|Any CPU
		{0B18EE47-72E4-4643-BDFE-E61CB1D81AD2}.AppStore|ARM.Deploy.0 = Debug|Any CPU
		{0B18EE47-72E4-4643-BDFE-E61CB1D81AD2}.AppStore|iPhone.ActiveCfg = Debug|Any CPU
		{0B18EE47-72E4-4643-BDFE-E61CB1D81AD2}.AppStore|iPhone.Build.0 = Debug|Any CPU
		{0B18EE47-72E4-4643-BDFE-E61CB1D81AD2}.AppStore|iPhone.Deploy.0 = Debug|Any CPU
		{0B18EE47-72E4-4643-BDFE-E61CB1D81AD2}.AppStore|iPhoneSimulator.ActiveCfg = Debug|Any CPU
		{0B18EE47-72E4-4643-BDFE-E61CB1D81AD2}.AppStore|iPhoneSimulator.Build.0 = Debug|Any CPU
		{0B18EE47-72E4-4643-BDFE-E61CB1D81AD2}.AppStore|iPhoneSimulator.Deploy.0 = Debug|Any CPU
		{0B18EE47-72E4-4643-BDFE-E61CB1D81AD2}.AppStore|x64.ActiveCfg = Debug|Any CPU
		{0B18EE47-72E4-4643-BDFE-E61CB1D81AD2}.AppStore|x64.Build.0 = Debug|Any CPU
		{0B18EE47-72E4-4643-BDFE-E61CB1D81AD2}.AppStore|x64.Deploy.0 = Debug|Any CPU
		{0B18EE47-72E4-4643-BDFE-E61CB1D81AD2}.AppStore|x86.ActiveCfg = Debug|Any CPU
		{0B18EE47-72E4-4643-BDFE-E61CB1D81AD2}.AppStore|x86.Build.0 = Debug|Any CPU
		{0B18EE47-72E4-4643-BDFE-E61CB1D81AD2}.AppStore|x86.Deploy.0 = Debug|Any CPU
		{0B18EE47-72E4-4643-BDFE-E61CB1D81AD2}.Debug|Any CPU.ActiveCfg = Debug|Any CPU
		{0B18EE47-72E4-4643-BDFE-E61CB1D81AD2}.Debug|Any CPU.Build.0 = Debug|Any CPU
		{0B18EE47-72E4-4643-BDFE-E61CB1D81AD2}.Debug|Any CPU.Deploy.0 = Debug|Any CPU
		{0B18EE47-72E4-4643-BDFE-E61CB1D81AD2}.Debug|ARM.ActiveCfg = Debug|Any CPU
		{0B18EE47-72E4-4643-BDFE-E61CB1D81AD2}.Debug|ARM.Build.0 = Debug|Any CPU
		{0B18EE47-72E4-4643-BDFE-E61CB1D81AD2}.Debug|ARM.Deploy.0 = Debug|Any CPU
		{0B18EE47-72E4-4643-BDFE-E61CB1D81AD2}.Debug|iPhone.ActiveCfg = Debug|Any CPU
		{0B18EE47-72E4-4643-BDFE-E61CB1D81AD2}.Debug|iPhone.Build.0 = Debug|Any CPU
		{0B18EE47-72E4-4643-BDFE-E61CB1D81AD2}.Debug|iPhone.Deploy.0 = Debug|Any CPU
		{0B18EE47-72E4-4643-BDFE-E61CB1D81AD2}.Debug|iPhoneSimulator.ActiveCfg = Debug|Any CPU
		{0B18EE47-72E4-4643-BDFE-E61CB1D81AD2}.Debug|iPhoneSimulator.Build.0 = Debug|Any CPU
		{0B18EE47-72E4-4643-BDFE-E61CB1D81AD2}.Debug|iPhoneSimulator.Deploy.0 = Debug|Any CPU
		{0B18EE47-72E4-4643-BDFE-E61CB1D81AD2}.Debug|x64.ActiveCfg = Debug|Any CPU
		{0B18EE47-72E4-4643-BDFE-E61CB1D81AD2}.Debug|x64.Build.0 = Debug|Any CPU
		{0B18EE47-72E4-4643-BDFE-E61CB1D81AD2}.Debug|x64.Deploy.0 = Debug|Any CPU
		{0B18EE47-72E4-4643-BDFE-E61CB1D81AD2}.Debug|x86.ActiveCfg = Debug|Any CPU
		{0B18EE47-72E4-4643-BDFE-E61CB1D81AD2}.Debug|x86.Build.0 = Debug|Any CPU
		{0B18EE47-72E4-4643-BDFE-E61CB1D81AD2}.Debug|x86.Deploy.0 = Debug|Any CPU
		{0B18EE47-72E4-4643-BDFE-E61CB1D81AD2}.Release|Any CPU.ActiveCfg = Release|Any CPU
		{0B18EE47-72E4-4643-BDFE-E61CB1D81AD2}.Release|Any CPU.Build.0 = Release|Any CPU
		{0B18EE47-72E4-4643-BDFE-E61CB1D81AD2}.Release|Any CPU.Deploy.0 = Release|Any CPU
		{0B18EE47-72E4-4643-BDFE-E61CB1D81AD2}.Release|ARM.ActiveCfg = Release|Any CPU
		{0B18EE47-72E4-4643-BDFE-E61CB1D81AD2}.Release|ARM.Build.0 = Release|Any CPU
		{0B18EE47-72E4-4643-BDFE-E61CB1D81AD2}.Release|ARM.Deploy.0 = Release|Any CPU
		{0B18EE47-72E4-4643-BDFE-E61CB1D81AD2}.Release|iPhone.ActiveCfg = Release|Any CPU
		{0B18EE47-72E4-4643-BDFE-E61CB1D81AD2}.Release|iPhone.Build.0 = Release|Any CPU
		{0B18EE47-72E4-4643-BDFE-E61CB1D81AD2}.Release|iPhone.Deploy.0 = Release|Any CPU
		{0B18EE47-72E4-4643-BDFE-E61CB1D81AD2}.Release|iPhoneSimulator.ActiveCfg = Release|Any CPU
		{0B18EE47-72E4-4643-BDFE-E61CB1D81AD2}.Release|iPhoneSimulator.Build.0 = Release|Any CPU
		{0B18EE47-72E4-4643-BDFE-E61CB1D81AD2}.Release|iPhoneSimulator.Deploy.0 = Release|Any CPU
		{0B18EE47-72E4-4643-BDFE-E61CB1D81AD2}.Release|x64.ActiveCfg = Release|Any CPU
		{0B18EE47-72E4-4643-BDFE-E61CB1D81AD2}.Release|x64.Build.0 = Release|Any CPU
		{0B18EE47-72E4-4643-BDFE-E61CB1D81AD2}.Release|x64.Deploy.0 = Release|Any CPU
		{0B18EE47-72E4-4643-BDFE-E61CB1D81AD2}.Release|x86.ActiveCfg = Release|Any CPU
		{0B18EE47-72E4-4643-BDFE-E61CB1D81AD2}.Release|x86.Build.0 = Release|Any CPU
		{0B18EE47-72E4-4643-BDFE-E61CB1D81AD2}.Release|x86.Deploy.0 = Release|Any CPU
	EndGlobalSection
	GlobalSection(SolutionProperties) = preSolution
		HideSolutionNode = FALSE
	EndGlobalSection
	GlobalSection(ExtensibilityGlobals) = postSolution
		SolutionGuid = {945207AB-7B89-468D-8C50-49FCFF60C8B7}
	EndGlobalSection
EndGlobal
